// !$*UTF8*$!
{
	archiveVersion = 1;
	classes = {
	};
	objectVersion = 48;
	objects = {

/* Begin PBXBuildFile section */
		83BAED5520F3A4FD000DC6C9 /* SongCollectionViewCell.swift in Sources */ = {isa = PBXBuildFile; fileRef = 83BAED5420F3A4FD000DC6C9 /* SongCollectionViewCell.swift */; };
		83BAED5720F70CC9000DC6C9 /* SimilarArtistCollectionViewCell.swift in Sources */ = {isa = PBXBuildFile; fileRef = 83BAED5620F70CC9000DC6C9 /* SimilarArtistCollectionViewCell.swift */; };
		83C4441120C828BA00E4725E /* AlbumCollectionViewCell.swift in Sources */ = {isa = PBXBuildFile; fileRef = 83C4441020C828BA00E4725E /* AlbumCollectionViewCell.swift */; };
		83D7ED1820A696EB003B23DA /* AppDelegate.swift in Sources */ = {isa = PBXBuildFile; fileRef = 83D7ED1720A696EB003B23DA /* AppDelegate.swift */; };
		83D7ED1A20A696EB003B23DA /* ViewController.swift in Sources */ = {isa = PBXBuildFile; fileRef = 83D7ED1920A696EB003B23DA /* ViewController.swift */; };
		83D7ED1D20A696EB003B23DA /* Main.storyboard in Resources */ = {isa = PBXBuildFile; fileRef = 83D7ED1B20A696EB003B23DA /* Main.storyboard */; };
		83D7ED1F20A696EB003B23DA /* Assets.xcassets in Resources */ = {isa = PBXBuildFile; fileRef = 83D7ED1E20A696EB003B23DA /* Assets.xcassets */; };
		83D7ED2220A696EB003B23DA /* LaunchScreen.storyboard in Resources */ = {isa = PBXBuildFile; fileRef = 83D7ED2020A696EB003B23DA /* LaunchScreen.storyboard */; };
		83D7ED2D20A696EB003B23DA /* TuneTalkTests.swift in Sources */ = {isa = PBXBuildFile; fileRef = 83D7ED2C20A696EB003B23DA /* TuneTalkTests.swift */; };
		83D7ED3820A696EC003B23DA /* TuneTalkUITests.swift in Sources */ = {isa = PBXBuildFile; fileRef = 83D7ED3720A696EC003B23DA /* TuneTalkUITests.swift */; };
		83D7ED4820A6B69F003B23DA /* ArtistDetailsViewController.swift in Sources */ = {isa = PBXBuildFile; fileRef = 83D7ED4720A6B69F003B23DA /* ArtistDetailsViewController.swift */; };
		C5017F5C591246354BBECB72 /* Pods_TuneTalkTests.framework in Frameworks */ = {isa = PBXBuildFile; fileRef = AC780411EF8E44CDD86C2CF5 /* Pods_TuneTalkTests.framework */; };
		C8F87008FCAFC8326412096A /* Pods_TuneTalkUITests.framework in Frameworks */ = {isa = PBXBuildFile; fileRef = 2379D6C418EDE4C9DE111CA3 /* Pods_TuneTalkUITests.framework */; };
		F2DCC6E08A393A86BB0546D5 /* Pods_TuneTalk.framework in Frameworks */ = {isa = PBXBuildFile; fileRef = A19C6A59346778EA6075213C /* Pods_TuneTalk.framework */; };
/* End PBXBuildFile section */

/* Begin PBXContainerItemProxy section */
		83D7ED2920A696EB003B23DA /* PBXContainerItemProxy */ = {
			isa = PBXContainerItemProxy;
			containerPortal = 83D7ED0C20A696EB003B23DA /* Project object */;
			proxyType = 1;
			remoteGlobalIDString = 83D7ED1320A696EB003B23DA;
			remoteInfo = TuneTalk;
		};
		83D7ED3420A696EC003B23DA /* PBXContainerItemProxy */ = {
			isa = PBXContainerItemProxy;
			containerPortal = 83D7ED0C20A696EB003B23DA /* Project object */;
			proxyType = 1;
			remoteGlobalIDString = 83D7ED1320A696EB003B23DA;
			remoteInfo = TuneTalk;
		};
/* End PBXContainerItemProxy section */

/* Begin PBXFileReference section */
		1A5AA4302995B4060EE011CD /* Pods-TuneTalkTests.debug.xcconfig */ = {isa = PBXFileReference; includeInIndex = 1; lastKnownFileType = text.xcconfig; name = "Pods-TuneTalkTests.debug.xcconfig"; path = "Pods/Target Support Files/Pods-TuneTalkTests/Pods-TuneTalkTests.debug.xcconfig"; sourceTree = "<group>"; };
		2379D6C418EDE4C9DE111CA3 /* Pods_TuneTalkUITests.framework */ = {isa = PBXFileReference; explicitFileType = wrapper.framework; includeInIndex = 0; path = Pods_TuneTalkUITests.framework; sourceTree = BUILT_PRODUCTS_DIR; };
		3CBC417565D91462B752EAEE /* Pods-TuneTalk.release.xcconfig */ = {isa = PBXFileReference; includeInIndex = 1; lastKnownFileType = text.xcconfig; name = "Pods-TuneTalk.release.xcconfig"; path = "Pods/Target Support Files/Pods-TuneTalk/Pods-TuneTalk.release.xcconfig"; sourceTree = "<group>"; };
		5257C0FE4B97CFF13162E047 /* Pods-TuneTalk.debug.xcconfig */ = {isa = PBXFileReference; includeInIndex = 1; lastKnownFileType = text.xcconfig; name = "Pods-TuneTalk.debug.xcconfig"; path = "Pods/Target Support Files/Pods-TuneTalk/Pods-TuneTalk.debug.xcconfig"; sourceTree = "<group>"; };
		6279CA3A7A42CDCDE3F4D031 /* Pods-TuneTalkUITests.release.xcconfig */ = {isa = PBXFileReference; includeInIndex = 1; lastKnownFileType = text.xcconfig; name = "Pods-TuneTalkUITests.release.xcconfig"; path = "Pods/Target Support Files/Pods-TuneTalkUITests/Pods-TuneTalkUITests.release.xcconfig"; sourceTree = "<group>"; };
		83BAED5420F3A4FD000DC6C9 /* SongCollectionViewCell.swift */ = {isa = PBXFileReference; lastKnownFileType = sourcecode.swift; path = SongCollectionViewCell.swift; sourceTree = "<group>"; };
		83BAED5620F70CC9000DC6C9 /* SimilarArtistCollectionViewCell.swift */ = {isa = PBXFileReference; lastKnownFileType = sourcecode.swift; path = SimilarArtistCollectionViewCell.swift; sourceTree = "<group>"; };
		83C4441020C828BA00E4725E /* AlbumCollectionViewCell.swift */ = {isa = PBXFileReference; lastKnownFileType = sourcecode.swift; path = AlbumCollectionViewCell.swift; sourceTree = "<group>"; };
		83D7ED1420A696EB003B23DA /* TuneTalk.app */ = {isa = PBXFileReference; explicitFileType = wrapper.application; includeInIndex = 0; path = TuneTalk.app; sourceTree = BUILT_PRODUCTS_DIR; };
		83D7ED1720A696EB003B23DA /* AppDelegate.swift */ = {isa = PBXFileReference; lastKnownFileType = sourcecode.swift; path = AppDelegate.swift; sourceTree = "<group>"; };
		83D7ED1920A696EB003B23DA /* ViewController.swift */ = {isa = PBXFileReference; lastKnownFileType = sourcecode.swift; path = ViewController.swift; sourceTree = "<group>"; };
		83D7ED1C20A696EB003B23DA /* Base */ = {isa = PBXFileReference; lastKnownFileType = file.storyboard; name = Base; path = Base.lproj/Main.storyboard; sourceTree = "<group>"; };
		83D7ED1E20A696EB003B23DA /* Assets.xcassets */ = {isa = PBXFileReference; lastKnownFileType = folder.assetcatalog; path = Assets.xcassets; sourceTree = "<group>"; };
		83D7ED2120A696EB003B23DA /* Base */ = {isa = PBXFileReference; lastKnownFileType = file.storyboard; name = Base; path = Base.lproj/LaunchScreen.storyboard; sourceTree = "<group>"; };
		83D7ED2320A696EB003B23DA /* Info.plist */ = {isa = PBXFileReference; lastKnownFileType = text.plist.xml; path = Info.plist; sourceTree = "<group>"; };
		83D7ED2820A696EB003B23DA /* TuneTalkTests.xctest */ = {isa = PBXFileReference; explicitFileType = wrapper.cfbundle; includeInIndex = 0; path = TuneTalkTests.xctest; sourceTree = BUILT_PRODUCTS_DIR; };
		83D7ED2C20A696EB003B23DA /* TuneTalkTests.swift */ = {isa = PBXFileReference; lastKnownFileType = sourcecode.swift; path = TuneTalkTests.swift; sourceTree = "<group>"; };
		83D7ED2E20A696EC003B23DA /* Info.plist */ = {isa = PBXFileReference; lastKnownFileType = text.plist.xml; path = Info.plist; sourceTree = "<group>"; };
		83D7ED3320A696EC003B23DA /* TuneTalkUITests.xctest */ = {isa = PBXFileReference; explicitFileType = wrapper.cfbundle; includeInIndex = 0; path = TuneTalkUITests.xctest; sourceTree = BUILT_PRODUCTS_DIR; };
		83D7ED3720A696EC003B23DA /* TuneTalkUITests.swift */ = {isa = PBXFileReference; lastKnownFileType = sourcecode.swift; path = TuneTalkUITests.swift; sourceTree = "<group>"; };
		83D7ED3920A696EC003B23DA /* Info.plist */ = {isa = PBXFileReference; lastKnownFileType = text.plist.xml; path = Info.plist; sourceTree = "<group>"; };
		83D7ED4720A6B69F003B23DA /* ArtistDetailsViewController.swift */ = {isa = PBXFileReference; lastKnownFileType = sourcecode.swift; path = ArtistDetailsViewController.swift; sourceTree = "<group>"; };
		8E2D98F261681F623FA20CEE /* Pods-TuneTalkTests.release.xcconfig */ = {isa = PBXFileReference; includeInIndex = 1; lastKnownFileType = text.xcconfig; name = "Pods-TuneTalkTests.release.xcconfig"; path = "Pods/Target Support Files/Pods-TuneTalkTests/Pods-TuneTalkTests.release.xcconfig"; sourceTree = "<group>"; };
		9568391D0C6748D9757D677D /* Pods-TuneTalkUITests.debug.xcconfig */ = {isa = PBXFileReference; includeInIndex = 1; lastKnownFileType = text.xcconfig; name = "Pods-TuneTalkUITests.debug.xcconfig"; path = "Pods/Target Support Files/Pods-TuneTalkUITests/Pods-TuneTalkUITests.debug.xcconfig"; sourceTree = "<group>"; };
		A19C6A59346778EA6075213C /* Pods_TuneTalk.framework */ = {isa = PBXFileReference; explicitFileType = wrapper.framework; includeInIndex = 0; path = Pods_TuneTalk.framework; sourceTree = BUILT_PRODUCTS_DIR; };
		AC780411EF8E44CDD86C2CF5 /* Pods_TuneTalkTests.framework */ = {isa = PBXFileReference; explicitFileType = wrapper.framework; includeInIndex = 0; path = Pods_TuneTalkTests.framework; sourceTree = BUILT_PRODUCTS_DIR; };
/* End PBXFileReference section */

/* Begin PBXFrameworksBuildPhase section */
		83D7ED1120A696EB003B23DA /* Frameworks */ = {
			isa = PBXFrameworksBuildPhase;
			buildActionMask = 2147483647;
			files = (
				F2DCC6E08A393A86BB0546D5 /* Pods_TuneTalk.framework in Frameworks */,
			);
			runOnlyForDeploymentPostprocessing = 0;
		};
		83D7ED2520A696EB003B23DA /* Frameworks */ = {
			isa = PBXFrameworksBuildPhase;
			buildActionMask = 2147483647;
			files = (
				C5017F5C591246354BBECB72 /* Pods_TuneTalkTests.framework in Frameworks */,
			);
			runOnlyForDeploymentPostprocessing = 0;
		};
		83D7ED3020A696EC003B23DA /* Frameworks */ = {
			isa = PBXFrameworksBuildPhase;
			buildActionMask = 2147483647;
			files = (
				C8F87008FCAFC8326412096A /* Pods_TuneTalkUITests.framework in Frameworks */,
			);
			runOnlyForDeploymentPostprocessing = 0;
		};
/* End PBXFrameworksBuildPhase section */

/* Begin PBXGroup section */
		38FC6843D90AE1279C7C629E /* Pods */ = {
			isa = PBXGroup;
			children = (
				5257C0FE4B97CFF13162E047 /* Pods-TuneTalk.debug.xcconfig */,
				3CBC417565D91462B752EAEE /* Pods-TuneTalk.release.xcconfig */,
				1A5AA4302995B4060EE011CD /* Pods-TuneTalkTests.debug.xcconfig */,
				8E2D98F261681F623FA20CEE /* Pods-TuneTalkTests.release.xcconfig */,
				9568391D0C6748D9757D677D /* Pods-TuneTalkUITests.debug.xcconfig */,
				6279CA3A7A42CDCDE3F4D031 /* Pods-TuneTalkUITests.release.xcconfig */,
			);
			name = Pods;
			sourceTree = "<group>";
		};
		83D7ED0B20A696EB003B23DA = {
			isa = PBXGroup;
			children = (
				83D7ED1620A696EB003B23DA /* TuneTalk */,
				83D7ED2B20A696EB003B23DA /* TuneTalkTests */,
				83D7ED3620A696EC003B23DA /* TuneTalkUITests */,
				83D7ED1520A696EB003B23DA /* Products */,
				38FC6843D90AE1279C7C629E /* Pods */,
				FC4DF61935B8A67FA7176501 /* Frameworks */,
			);
			sourceTree = "<group>";
		};
		83D7ED1520A696EB003B23DA /* Products */ = {
			isa = PBXGroup;
			children = (
				83D7ED1420A696EB003B23DA /* TuneTalk.app */,
				83D7ED2820A696EB003B23DA /* TuneTalkTests.xctest */,
				83D7ED3320A696EC003B23DA /* TuneTalkUITests.xctest */,
			);
			name = Products;
			sourceTree = "<group>";
		};
		83D7ED1620A696EB003B23DA /* TuneTalk */ = {
			isa = PBXGroup;
			children = (
				83D7ED1720A696EB003B23DA /* AppDelegate.swift */,
				83D7ED1920A696EB003B23DA /* ViewController.swift */,
				83D7ED1B20A696EB003B23DA /* Main.storyboard */,
				83D7ED1E20A696EB003B23DA /* Assets.xcassets */,
				83D7ED2020A696EB003B23DA /* LaunchScreen.storyboard */,
				83D7ED2320A696EB003B23DA /* Info.plist */,
				83D7ED4720A6B69F003B23DA /* ArtistDetailsViewController.swift */,
				83C4441020C828BA00E4725E /* AlbumCollectionViewCell.swift */,
				83BAED5420F3A4FD000DC6C9 /* SongCollectionViewCell.swift */,
				83BAED5620F70CC9000DC6C9 /* SimilarArtistCollectionViewCell.swift */,
			);
			path = TuneTalk;
			sourceTree = "<group>";
		};
		83D7ED2B20A696EB003B23DA /* TuneTalkTests */ = {
			isa = PBXGroup;
			children = (
				83D7ED2C20A696EB003B23DA /* TuneTalkTests.swift */,
				83D7ED2E20A696EC003B23DA /* Info.plist */,
			);
			path = TuneTalkTests;
			sourceTree = "<group>";
		};
		83D7ED3620A696EC003B23DA /* TuneTalkUITests */ = {
			isa = PBXGroup;
			children = (
				83D7ED3720A696EC003B23DA /* TuneTalkUITests.swift */,
				83D7ED3920A696EC003B23DA /* Info.plist */,
			);
			path = TuneTalkUITests;
			sourceTree = "<group>";
		};
		FC4DF61935B8A67FA7176501 /* Frameworks */ = {
			isa = PBXGroup;
			children = (
				A19C6A59346778EA6075213C /* Pods_TuneTalk.framework */,
				AC780411EF8E44CDD86C2CF5 /* Pods_TuneTalkTests.framework */,
				2379D6C418EDE4C9DE111CA3 /* Pods_TuneTalkUITests.framework */,
			);
			name = Frameworks;
			sourceTree = "<group>";
		};
/* End PBXGroup section */

/* Begin PBXNativeTarget section */
		83D7ED1320A696EB003B23DA /* TuneTalk */ = {
			isa = PBXNativeTarget;
			buildConfigurationList = 83D7ED3C20A696EC003B23DA /* Build configuration list for PBXNativeTarget "TuneTalk" */;
			buildPhases = (
				2D01742599F34C07EC4AFCC1 /* [CP] Check Pods Manifest.lock */,
				83D7ED1020A696EB003B23DA /* Sources */,
				83D7ED1120A696EB003B23DA /* Frameworks */,
				83D7ED1220A696EB003B23DA /* Resources */,
				00E5CE0B16F6A1BCC07791B0 /* [CP] Embed Pods Frameworks */,
				21FE0408678742AF402252D6 /* [CP] Copy Pods Resources */,
			);
			buildRules = (
			);
			dependencies = (
			);
			name = TuneTalk;
			productName = TuneTalk;
			productReference = 83D7ED1420A696EB003B23DA /* TuneTalk.app */;
			productType = "com.apple.product-type.application";
		};
		83D7ED2720A696EB003B23DA /* TuneTalkTests */ = {
			isa = PBXNativeTarget;
			buildConfigurationList = 83D7ED3F20A696EC003B23DA /* Build configuration list for PBXNativeTarget "TuneTalkTests" */;
			buildPhases = (
				B73E60F87AF530DED08F5597 /* [CP] Check Pods Manifest.lock */,
				83D7ED2420A696EB003B23DA /* Sources */,
				83D7ED2520A696EB003B23DA /* Frameworks */,
				83D7ED2620A696EB003B23DA /* Resources */,
				891078792C157B766855BE08 /* [CP] Embed Pods Frameworks */,
				8C52F0B3612324CC38060D44 /* [CP] Copy Pods Resources */,
			);
			buildRules = (
			);
			dependencies = (
				83D7ED2A20A696EB003B23DA /* PBXTargetDependency */,
			);
			name = TuneTalkTests;
			productName = TuneTalkTests;
			productReference = 83D7ED2820A696EB003B23DA /* TuneTalkTests.xctest */;
			productType = "com.apple.product-type.bundle.unit-test";
		};
		83D7ED3220A696EC003B23DA /* TuneTalkUITests */ = {
			isa = PBXNativeTarget;
			buildConfigurationList = 83D7ED4220A696EC003B23DA /* Build configuration list for PBXNativeTarget "TuneTalkUITests" */;
			buildPhases = (
				B43772DAEF490B4AA636686F /* [CP] Check Pods Manifest.lock */,
				83D7ED2F20A696EC003B23DA /* Sources */,
				83D7ED3020A696EC003B23DA /* Frameworks */,
				83D7ED3120A696EC003B23DA /* Resources */,
				875C8E0D0592E687BD596A83 /* [CP] Embed Pods Frameworks */,
				122DBA48D3383802FDAE25F3 /* [CP] Copy Pods Resources */,
			);
			buildRules = (
			);
			dependencies = (
				83D7ED3520A696EC003B23DA /* PBXTargetDependency */,
			);
			name = TuneTalkUITests;
			productName = TuneTalkUITests;
			productReference = 83D7ED3320A696EC003B23DA /* TuneTalkUITests.xctest */;
			productType = "com.apple.product-type.bundle.ui-testing";
		};
/* End PBXNativeTarget section */

/* Begin PBXProject section */
		83D7ED0C20A696EB003B23DA /* Project object */ = {
			isa = PBXProject;
			attributes = {
				LastSwiftUpdateCheck = 0920;
				LastUpgradeCheck = 0920;
				ORGANIZATIONNAME = jdidat;
				TargetAttributes = {
					83D7ED1320A696EB003B23DA = {
						CreatedOnToolsVersion = 9.2;
						ProvisioningStyle = Automatic;
					};
					83D7ED2720A696EB003B23DA = {
						CreatedOnToolsVersion = 9.2;
						ProvisioningStyle = Automatic;
						TestTargetID = 83D7ED1320A696EB003B23DA;
					};
					83D7ED3220A696EC003B23DA = {
						CreatedOnToolsVersion = 9.2;
						ProvisioningStyle = Automatic;
						TestTargetID = 83D7ED1320A696EB003B23DA;
					};
				};
			};
			buildConfigurationList = 83D7ED0F20A696EB003B23DA /* Build configuration list for PBXProject "TuneTalk" */;
			compatibilityVersion = "Xcode 8.0";
			developmentRegion = en;
			hasScannedForEncodings = 0;
			knownRegions = (
				en,
				Base,
			);
			mainGroup = 83D7ED0B20A696EB003B23DA;
			productRefGroup = 83D7ED1520A696EB003B23DA /* Products */;
			projectDirPath = "";
			projectRoot = "";
			targets = (
				83D7ED1320A696EB003B23DA /* TuneTalk */,
				83D7ED2720A696EB003B23DA /* TuneTalkTests */,
				83D7ED3220A696EC003B23DA /* TuneTalkUITests */,
			);
		};
/* End PBXProject section */

/* Begin PBXResourcesBuildPhase section */
		83D7ED1220A696EB003B23DA /* Resources */ = {
			isa = PBXResourcesBuildPhase;
			buildActionMask = 2147483647;
			files = (
				83D7ED2220A696EB003B23DA /* LaunchScreen.storyboard in Resources */,
				83D7ED1F20A696EB003B23DA /* Assets.xcassets in Resources */,
				83D7ED1D20A696EB003B23DA /* Main.storyboard in Resources */,
			);
			runOnlyForDeploymentPostprocessing = 0;
		};
		83D7ED2620A696EB003B23DA /* Resources */ = {
			isa = PBXResourcesBuildPhase;
			buildActionMask = 2147483647;
			files = (
			);
			runOnlyForDeploymentPostprocessing = 0;
		};
		83D7ED3120A696EC003B23DA /* Resources */ = {
			isa = PBXResourcesBuildPhase;
			buildActionMask = 2147483647;
			files = (
			);
			runOnlyForDeploymentPostprocessing = 0;
		};
/* End PBXResourcesBuildPhase section */

/* Begin PBXShellScriptBuildPhase section */
		00E5CE0B16F6A1BCC07791B0 /* [CP] Embed Pods Frameworks */ = {
			isa = PBXShellScriptBuildPhase;
			buildActionMask = 2147483647;
			files = (
			);
			inputPaths = (
				"${SRCROOT}/Pods/Target Support Files/Pods-TuneTalk/Pods-TuneTalk-frameworks.sh",
				"${BUILT_PRODUCTS_DIR}/Alamofire/Alamofire.framework",
				"${BUILT_PRODUCTS_DIR}/AlamofireImage/AlamofireImage.framework",
			);
			name = "[CP] Embed Pods Frameworks";
			outputPaths = (
				"${TARGET_BUILD_DIR}/${FRAMEWORKS_FOLDER_PATH}/Alamofire.framework",
				"${TARGET_BUILD_DIR}/${FRAMEWORKS_FOLDER_PATH}/AlamofireImage.framework",
			);
			runOnlyForDeploymentPostprocessing = 0;
			shellPath = /bin/sh;
			shellScript = "\"${SRCROOT}/Pods/Target Support Files/Pods-TuneTalk/Pods-TuneTalk-frameworks.sh\"\n";
			showEnvVarsInLog = 0;
		};
		122DBA48D3383802FDAE25F3 /* [CP] Copy Pods Resources */ = {
			isa = PBXShellScriptBuildPhase;
			buildActionMask = 2147483647;
			files = (
			);
			inputPaths = (
			);
			name = "[CP] Copy Pods Resources";
			outputPaths = (
			);
			runOnlyForDeploymentPostprocessing = 0;
			shellPath = /bin/sh;
			shellScript = "\"${SRCROOT}/Pods/Target Support Files/Pods-TuneTalkUITests/Pods-TuneTalkUITests-resources.sh\"\n";
			showEnvVarsInLog = 0;
		};
		21FE0408678742AF402252D6 /* [CP] Copy Pods Resources */ = {
			isa = PBXShellScriptBuildPhase;
			buildActionMask = 2147483647;
			files = (
			);
			inputPaths = (
			);
			name = "[CP] Copy Pods Resources";
			outputPaths = (
			);
			runOnlyForDeploymentPostprocessing = 0;
			shellPath = /bin/sh;
			shellScript = "\"${SRCROOT}/Pods/Target Support Files/Pods-TuneTalk/Pods-TuneTalk-resources.sh\"\n";
			showEnvVarsInLog = 0;
		};
		2D01742599F34C07EC4AFCC1 /* [CP] Check Pods Manifest.lock */ = {
			isa = PBXShellScriptBuildPhase;
			buildActionMask = 2147483647;
			files = (
			);
			inputPaths = (
				"${PODS_PODFILE_DIR_PATH}/Podfile.lock",
				"${PODS_ROOT}/Manifest.lock",
			);
			name = "[CP] Check Pods Manifest.lock";
			outputPaths = (
				"$(DERIVED_FILE_DIR)/Pods-TuneTalk-checkManifestLockResult.txt",
			);
			runOnlyForDeploymentPostprocessing = 0;
			shellPath = /bin/sh;
			shellScript = "diff \"${PODS_PODFILE_DIR_PATH}/Podfile.lock\" \"${PODS_ROOT}/Manifest.lock\" > /dev/null\nif [ $? != 0 ] ; then\n    # print error to STDERR\n    echo \"error: The sandbox is not in sync with the Podfile.lock. Run 'pod install' or update your CocoaPods installation.\" >&2\n    exit 1\nfi\n# This output is used by Xcode 'outputs' to avoid re-running this script phase.\necho \"SUCCESS\" > \"${SCRIPT_OUTPUT_FILE_0}\"\n";
			showEnvVarsInLog = 0;
		};
		875C8E0D0592E687BD596A83 /* [CP] Embed Pods Frameworks */ = {
			isa = PBXShellScriptBuildPhase;
			buildActionMask = 2147483647;
			files = (
			);
			inputPaths = (
			);
			name = "[CP] Embed Pods Frameworks";
			outputPaths = (
			);
			runOnlyForDeploymentPostprocessing = 0;
			shellPath = /bin/sh;
			shellScript = "\"${SRCROOT}/Pods/Target Support Files/Pods-TuneTalkUITests/Pods-TuneTalkUITests-frameworks.sh\"\n";
			showEnvVarsInLog = 0;
		};
		891078792C157B766855BE08 /* [CP] Embed Pods Frameworks */ = {
			isa = PBXShellScriptBuildPhase;
			buildActionMask = 2147483647;
			files = (
			);
			inputPaths = (
			);
			name = "[CP] Embed Pods Frameworks";
			outputPaths = (
			);
			runOnlyForDeploymentPostprocessing = 0;
			shellPath = /bin/sh;
			shellScript = "\"${SRCROOT}/Pods/Target Support Files/Pods-TuneTalkTests/Pods-TuneTalkTests-frameworks.sh\"\n";
			showEnvVarsInLog = 0;
		};
		8C52F0B3612324CC38060D44 /* [CP] Copy Pods Resources */ = {
			isa = PBXShellScriptBuildPhase;
			buildActionMask = 2147483647;
			files = (
			);
			inputPaths = (
			);
			name = "[CP] Copy Pods Resources";
			outputPaths = (
			);
			runOnlyForDeploymentPostprocessing = 0;
			shellPath = /bin/sh;
			shellScript = "\"${SRCROOT}/Pods/Target Support Files/Pods-TuneTalkTests/Pods-TuneTalkTests-resources.sh\"\n";
			showEnvVarsInLog = 0;
		};
		B43772DAEF490B4AA636686F /* [CP] Check Pods Manifest.lock */ = {
			isa = PBXShellScriptBuildPhase;
			buildActionMask = 2147483647;
			files = (
			);
			inputPaths = (
				"${PODS_PODFILE_DIR_PATH}/Podfile.lock",
				"${PODS_ROOT}/Manifest.lock",
			);
			name = "[CP] Check Pods Manifest.lock";
			outputPaths = (
				"$(DERIVED_FILE_DIR)/Pods-TuneTalkUITests-checkManifestLockResult.txt",
			);
			runOnlyForDeploymentPostprocessing = 0;
			shellPath = /bin/sh;
			shellScript = "diff \"${PODS_PODFILE_DIR_PATH}/Podfile.lock\" \"${PODS_ROOT}/Manifest.lock\" > /dev/null\nif [ $? != 0 ] ; then\n    # print error to STDERR\n    echo \"error: The sandbox is not in sync with the Podfile.lock. Run 'pod install' or update your CocoaPods installation.\" >&2\n    exit 1\nfi\n# This output is used by Xcode 'outputs' to avoid re-running this script phase.\necho \"SUCCESS\" > \"${SCRIPT_OUTPUT_FILE_0}\"\n";
			showEnvVarsInLog = 0;
		};
		B73E60F87AF530DED08F5597 /* [CP] Check Pods Manifest.lock */ = {
			isa = PBXShellScriptBuildPhase;
			buildActionMask = 2147483647;
			files = (
			);
			inputPaths = (
				"${PODS_PODFILE_DIR_PATH}/Podfile.lock",
				"${PODS_ROOT}/Manifest.lock",
			);
			name = "[CP] Check Pods Manifest.lock";
			outputPaths = (
				"$(DERIVED_FILE_DIR)/Pods-TuneTalkTests-checkManifestLockResult.txt",
			);
			runOnlyForDeploymentPostprocessing = 0;
			shellPath = /bin/sh;
			shellScript = "diff \"${PODS_PODFILE_DIR_PATH}/Podfile.lock\" \"${PODS_ROOT}/Manifest.lock\" > /dev/null\nif [ $? != 0 ] ; then\n    # print error to STDERR\n    echo \"error: The sandbox is not in sync with the Podfile.lock. Run 'pod install' or update your CocoaPods installation.\" >&2\n    exit 1\nfi\n# This output is used by Xcode 'outputs' to avoid re-running this script phase.\necho \"SUCCESS\" > \"${SCRIPT_OUTPUT_FILE_0}\"\n";
			showEnvVarsInLog = 0;
		};
/* End PBXShellScriptBuildPhase section */

/* Begin PBXSourcesBuildPhase section */
		83D7ED1020A696EB003B23DA /* Sources */ = {
			isa = PBXSourcesBuildPhase;
			buildActionMask = 2147483647;
			files = (
				83C4441120C828BA00E4725E /* AlbumCollectionViewCell.swift in Sources */,
				83D7ED1A20A696EB003B23DA /* ViewController.swift in Sources */,
				83D7ED1820A696EB003B23DA /* AppDelegate.swift in Sources */,
				83BAED5720F70CC9000DC6C9 /* SimilarArtistCollectionViewCell.swift in Sources */,
				83BAED5520F3A4FD000DC6C9 /* SongCollectionViewCell.swift in Sources */,
				83D7ED4820A6B69F003B23DA /* ArtistDetailsViewController.swift in Sources */,
			);
			runOnlyForDeploymentPostprocessing = 0;
		};
		83D7ED2420A696EB003B23DA /* Sources */ = {
			isa = PBXSourcesBuildPhase;
			buildActionMask = 2147483647;
			files = (
				83D7ED2D20A696EB003B23DA /* TuneTalkTests.swift in Sources */,
			);
			runOnlyForDeploymentPostprocessing = 0;
		};
		83D7ED2F20A696EC003B23DA /* Sources */ = {
			isa = PBXSourcesBuildPhase;
			buildActionMask = 2147483647;
			files = (
				83D7ED3820A696EC003B23DA /* TuneTalkUITests.swift in Sources */,
			);
			runOnlyForDeploymentPostprocessing = 0;
		};
/* End PBXSourcesBuildPhase section */

/* Begin PBXTargetDependency section */
		83D7ED2A20A696EB003B23DA /* PBXTargetDependency */ = {
			isa = PBXTargetDependency;
			target = 83D7ED1320A696EB003B23DA /* TuneTalk */;
			targetProxy = 83D7ED2920A696EB003B23DA /* PBXContainerItemProxy */;
		};
		83D7ED3520A696EC003B23DA /* PBXTargetDependency */ = {
			isa = PBXTargetDependency;
			target = 83D7ED1320A696EB003B23DA /* TuneTalk */;
			targetProxy = 83D7ED3420A696EC003B23DA /* PBXContainerItemProxy */;
		};
/* End PBXTargetDependency section */

/* Begin PBXVariantGroup section */
		83D7ED1B20A696EB003B23DA /* Main.storyboard */ = {
			isa = PBXVariantGroup;
			children = (
				83D7ED1C20A696EB003B23DA /* Base */,
			);
			name = Main.storyboard;
			sourceTree = "<group>";
		};
		83D7ED2020A696EB003B23DA /* LaunchScreen.storyboard */ = {
			isa = PBXVariantGroup;
			children = (
				83D7ED2120A696EB003B23DA /* Base */,
			);
			name = LaunchScreen.storyboard;
			sourceTree = "<group>";
		};
/* End PBXVariantGroup section */

/* Begin XCBuildConfiguration section */
		83D7ED3A20A696EC003B23DA /* Debug */ = {
			isa = XCBuildConfiguration;
			buildSettings = {
				ALWAYS_SEARCH_USER_PATHS = NO;
				CLANG_ANALYZER_NONNULL = YES;
				CLANG_ANALYZER_NUMBER_OBJECT_CONVERSION = YES_AGGRESSIVE;
				CLANG_CXX_LANGUAGE_STANDARD = "gnu++14";
				CLANG_CXX_LIBRARY = "libc++";
				CLANG_ENABLE_MODULES = YES;
				CLANG_ENABLE_OBJC_ARC = YES;
				CLANG_WARN_BLOCK_CAPTURE_AUTORELEASING = YES;
				CLANG_WARN_BOOL_CONVERSION = YES;
				CLANG_WARN_COMMA = YES;
				CLANG_WARN_CONSTANT_CONVERSION = YES;
				CLANG_WARN_DIRECT_OBJC_ISA_USAGE = YES_ERROR;
				CLANG_WARN_DOCUMENTATION_COMMENTS = YES;
				CLANG_WARN_EMPTY_BODY = YES;
				CLANG_WARN_ENUM_CONVERSION = YES;
				CLANG_WARN_INFINITE_RECURSION = YES;
				CLANG_WARN_INT_CONVERSION = YES;
				CLANG_WARN_NON_LITERAL_NULL_CONVERSION = YES;
				CLANG_WARN_OBJC_LITERAL_CONVERSION = YES;
				CLANG_WARN_OBJC_ROOT_CLASS = YES_ERROR;
				CLANG_WARN_RANGE_LOOP_ANALYSIS = YES;
				CLANG_WARN_STRICT_PROTOTYPES = YES;
				CLANG_WARN_SUSPICIOUS_MOVE = YES;
				CLANG_WARN_UNGUARDED_AVAILABILITY = YES_AGGRESSIVE;
				CLANG_WARN_UNREACHABLE_CODE = YES;
				CLANG_WARN__DUPLICATE_METHOD_MATCH = YES;
				CODE_SIGN_IDENTITY = "iPhone Developer";
				COPY_PHASE_STRIP = NO;
				DEBUG_INFORMATION_FORMAT = dwarf;
				ENABLE_STRICT_OBJC_MSGSEND = YES;
				ENABLE_TESTABILITY = YES;
				GCC_C_LANGUAGE_STANDARD = gnu11;
				GCC_DYNAMIC_NO_PIC = NO;
				GCC_NO_COMMON_BLOCKS = YES;
				GCC_OPTIMIZATION_LEVEL = 0;
				GCC_PREPROCESSOR_DEFINITIONS = (
					"DEBUG=1",
					"$(inherited)",
				);
				GCC_WARN_64_TO_32_BIT_CONVERSION = YES;
				GCC_WARN_ABOUT_RETURN_TYPE = YES_ERROR;
				GCC_WARN_UNDECLARED_SELECTOR = YES;
				GCC_WARN_UNINITIALIZED_AUTOS = YES_AGGRESSIVE;
				GCC_WARN_UNUSED_FUNCTION = YES;
				GCC_WARN_UNUSED_VARIABLE = YES;
				IPHONEOS_DEPLOYMENT_TARGET = 11.2;
				MTL_ENABLE_DEBUG_INFO = YES;
				ONLY_ACTIVE_ARCH = YES;
				SDKROOT = iphoneos;
				SWIFT_ACTIVE_COMPILATION_CONDITIONS = DEBUG;
				SWIFT_OPTIMIZATION_LEVEL = "-Onone";
			};
			name = Debug;
		};
		83D7ED3B20A696EC003B23DA /* Release */ = {
			isa = XCBuildConfiguration;
			buildSettings = {
				ALWAYS_SEARCH_USER_PATHS = NO;
				CLANG_ANALYZER_NONNULL = YES;
				CLANG_ANALYZER_NUMBER_OBJECT_CONVERSION = YES_AGGRESSIVE;
				CLANG_CXX_LANGUAGE_STANDARD = "gnu++14";
				CLANG_CXX_LIBRARY = "libc++";
				CLANG_ENABLE_MODULES = YES;
				CLANG_ENABLE_OBJC_ARC = YES;
				CLANG_WARN_BLOCK_CAPTURE_AUTORELEASING = YES;
				CLANG_WARN_BOOL_CONVERSION = YES;
				CLANG_WARN_COMMA = YES;
				CLANG_WARN_CONSTANT_CONVERSION = YES;
				CLANG_WARN_DIRECT_OBJC_ISA_USAGE = YES_ERROR;
				CLANG_WARN_DOCUMENTATION_COMMENTS = YES;
				CLANG_WARN_EMPTY_BODY = YES;
				CLANG_WARN_ENUM_CONVERSION = YES;
				CLANG_WARN_INFINITE_RECURSION = YES;
				CLANG_WARN_INT_CONVERSION = YES;
				CLANG_WARN_NON_LITERAL_NULL_CONVERSION = YES;
				CLANG_WARN_OBJC_LITERAL_CONVERSION = YES;
				CLANG_WARN_OBJC_ROOT_CLASS = YES_ERROR;
				CLANG_WARN_RANGE_LOOP_ANALYSIS = YES;
				CLANG_WARN_STRICT_PROTOTYPES = YES;
				CLANG_WARN_SUSPICIOUS_MOVE = YES;
				CLANG_WARN_UNGUARDED_AVAILABILITY = YES_AGGRESSIVE;
				CLANG_WARN_UNREACHABLE_CODE = YES;
				CLANG_WARN__DUPLICATE_METHOD_MATCH = YES;
				CODE_SIGN_IDENTITY = "iPhone Developer";
				COPY_PHASE_STRIP = NO;
				DEBUG_INFORMATION_FORMAT = "dwarf-with-dsym";
				ENABLE_NS_ASSERTIONS = NO;
				ENABLE_STRICT_OBJC_MSGSEND = YES;
				GCC_C_LANGUAGE_STANDARD = gnu11;
				GCC_NO_COMMON_BLOCKS = YES;
				GCC_WARN_64_TO_32_BIT_CONVERSION = YES;
				GCC_WARN_ABOUT_RETURN_TYPE = YES_ERROR;
				GCC_WARN_UNDECLARED_SELECTOR = YES;
				GCC_WARN_UNINITIALIZED_AUTOS = YES_AGGRESSIVE;
				GCC_WARN_UNUSED_FUNCTION = YES;
				GCC_WARN_UNUSED_VARIABLE = YES;
				IPHONEOS_DEPLOYMENT_TARGET = 11.2;
				MTL_ENABLE_DEBUG_INFO = NO;
				SDKROOT = iphoneos;
				SWIFT_OPTIMIZATION_LEVEL = "-Owholemodule";
				VALIDATE_PRODUCT = YES;
			};
			name = Release;
		};
		83D7ED3D20A696EC003B23DA /* Debug */ = {
			isa = XCBuildConfiguration;
			baseConfigurationReference = 5257C0FE4B97CFF13162E047 /* Pods-TuneTalk.debug.xcconfig */;
			buildSettings = {
				ASSETCATALOG_COMPILER_APPICON_NAME = AppIcon;
				CODE_SIGN_STYLE = Automatic;
				INFOPLIST_FILE = TuneTalk/Info.plist;
				LD_RUNPATH_SEARCH_PATHS = "$(inherited) @executable_path/Frameworks";
				PRODUCT_BUNDLE_IDENTIFIER = jdidat.TuneTalk;
				PRODUCT_NAME = "$(TARGET_NAME)";
				SWIFT_VERSION = 4.0;
				TARGETED_DEVICE_FAMILY = "1,2";
			};
			name = Debug;
		};
		83D7ED3E20A696EC003B23DA /* Release */ = {
			isa = XCBuildConfiguration;
			baseConfigurationReference = 3CBC417565D91462B752EAEE /* Pods-TuneTalk.release.xcconfig */;
			buildSettings = {
				ASSETCATALOG_COMPILER_APPICON_NAME = AppIcon;
				CODE_SIGN_STYLE = Automatic;
				INFOPLIST_FILE = TuneTalk/Info.plist;
				LD_RUNPATH_SEARCH_PATHS = "$(inherited) @executable_path/Frameworks";
				PRODUCT_BUNDLE_IDENTIFIER = jdidat.TuneTalk;
				PRODUCT_NAME = "$(TARGET_NAME)";
				SWIFT_VERSION = 4.0;
				TARGETED_DEVICE_FAMILY = "1,2";
			};
			name = Release;
		};
		83D7ED4020A696EC003B23DA /* Debug */ = {
			isa = XCBuildConfiguration;
			baseConfigurationReference = 1A5AA4302995B4060EE011CD /* Pods-TuneTalkTests.debug.xcconfig */;
			buildSettings = {
				ALWAYS_EMBED_SWIFT_STANDARD_LIBRARIES = YES;
				BUNDLE_LOADER = "$(TEST_HOST)";
				CODE_SIGN_STYLE = Automatic;
				INFOPLIST_FILE = TuneTalkTests/Info.plist;
				LD_RUNPATH_SEARCH_PATHS = "$(inherited) @executable_path/Frameworks @loader_path/Frameworks";
				PRODUCT_BUNDLE_IDENTIFIER = jdidat.TuneTalkTests;
				PRODUCT_NAME = "$(TARGET_NAME)";
				SWIFT_VERSION = 4.0;
				TARGETED_DEVICE_FAMILY = "1,2";
				TEST_HOST = "$(BUILT_PRODUCTS_DIR)/TuneTalk.app/TuneTalk";
			};
			name = Debug;
		};
		83D7ED4120A696EC003B23DA /* Release */ = {
			isa = XCBuildConfiguration;
			baseConfigurationReference = 8E2D98F261681F623FA20CEE /* Pods-TuneTalkTests.release.xcconfig */;
			buildSettings = {
				ALWAYS_EMBED_SWIFT_STANDARD_LIBRARIES = YES;
				BUNDLE_LOADER = "$(TEST_HOST)";
				CODE_SIGN_STYLE = Automatic;
				INFOPLIST_FILE = TuneTalkTests/Info.plist;
				LD_RUNPATH_SEARCH_PATHS = "$(inherited) @executable_path/Frameworks @loader_path/Frameworks";
				PRODUCT_BUNDLE_IDENTIFIER = jdidat.TuneTalkTests;
				PRODUCT_NAME = "$(TARGET_NAME)";
				SWIFT_VERSION = 4.0;
				TARGETED_DEVICE_FAMILY = "1,2";
				TEST_HOST = "$(BUILT_PRODUCTS_DIR)/TuneTalk.app/TuneTalk";
			};
			name = Release;
		};
		83D7ED4320A696EC003B23DA /* Debug */ = {
			isa = XCBuildConfiguration;
			baseConfigurationReference = 9568391D0C6748D9757D677D /* Pods-TuneTalkUITests.debug.xcconfig */;
			buildSettings = {
				ALWAYS_EMBED_SWIFT_STANDARD_LIBRARIES = YES;
				CODE_SIGN_STYLE = Automatic;
				INFOPLIST_FILE = TuneTalkUITests/Info.plist;
				LD_RUNPATH_SEARCH_PATHS = "$(inherited) @executable_path/Frameworks @loader_path/Frameworks";
				PRODUCT_BUNDLE_IDENTIFIER = jdidat.TuneTalkUITests;
				PRODUCT_NAME = "$(TARGET_NAME)";
				SWIFT_VERSION = 4.0;
				TARGETED_DEVICE_FAMILY = "1,2";
				TEST_TARGET_NAME = TuneTalk;
			};
			name = Debug;
		};
		83D7ED4420A696EC003B23DA /* Release */ = {
			isa = XCBuildConfiguration;
			baseConfigurationReference = 6279CA3A7A42CDCDE3F4D031 /* Pods-TuneTalkUITests.release.xcconfig */;
			buildSettings = {
				ALWAYS_EMBED_SWIFT_STANDARD_LIBRARIES = YES;
				CODE_SIGN_STYLE = Automatic;
				INFOPLIST_FILE = TuneTalkUITests/Info.plist;
				LD_RUNPATH_SEARCH_PATHS = "$(inherited) @executable_path/Frameworks @loader_path/Frameworks";
				PRODUCT_BUNDLE_IDENTIFIER = jdidat.TuneTalkUITests;
				PRODUCT_NAME = "$(TARGET_NAME)";
				SWIFT_VERSION = 4.0;
				TARGETED_DEVICE_FAMILY = "1,2";
				TEST_TARGET_NAME = TuneTalk;
			};
			name = Release;
		};
/* End XCBuildConfiguration section */

/* Begin XCConfigurationList section */
		83D7ED0F20A696EB003B23DA /* Build configuration list for PBXProject "TuneTalk" */ = {
			isa = XCConfigurationList;
			buildConfigurations = (
				83D7ED3A20A696EC003B23DA /* Debug */,
				83D7ED3B20A696EC003B23DA /* Release */,
			);
			defaultConfigurationIsVisible = 0;
			defaultConfigurationName = Release;
		};
		83D7ED3C20A696EC003B23DA /* Build configuration list for PBXNativeTarget "TuneTalk" */ = {
			isa = XCConfigurationList;
			buildConfigurations = (
				83D7ED3D20A696EC003B23DA /* Debug */,
				83D7ED3E20A696EC003B23DA /* Release */,
			);
			defaultConfigurationIsVisible = 0;
			defaultConfigurationName = Release;
		};
		83D7ED3F20A696EC003B23DA /* Build configuration list for PBXNativeTarget "TuneTalkTests" */ = {
			isa = XCConfigurationList;
			buildConfigurations = (
				83D7ED4020A696EC003B23DA /* Debug */,
				83D7ED4120A696EC003B23DA /* Release */,
			);
			defaultConfigurationIsVisible = 0;
			defaultConfigurationName = Release;
		};
		83D7ED4220A696EC003B23DA /* Build configuration list for PBXNativeTarget "TuneTalkUITests" */ = {
			isa = XCConfigurationList;
			buildConfigurations = (
				83D7ED4320A696EC003B23DA /* Debug */,
				83D7ED4420A696EC003B23DA /* Release */,
			);
			defaultConfigurationIsVisible = 0;
			defaultConfigurationName = Release;
		};
/* End XCConfigurationList section */
	};
	rootObject = 83D7ED0C20A696EB003B23DA /* Project object */;
}
